// !$*UTF8*$!
{
	archiveVersion = 1;
	classes = {
	};
	objectVersion = 50;
	objects = {

/* Begin PBXBuildFile section */
		220C368422AF1699002FA018 /* AppDelegate.swift in Sources */ = {isa = PBXBuildFile; fileRef = 220C368322AF1699002FA018 /* AppDelegate.swift */; };
		220C368622AF1699002FA018 /* ViewController.swift in Sources */ = {isa = PBXBuildFile; fileRef = 220C368522AF1699002FA018 /* ViewController.swift */; };
		220C368922AF1699002FA018 /* Main.storyboard in Resources */ = {isa = PBXBuildFile; fileRef = 220C368722AF1699002FA018 /* Main.storyboard */; };
		220C368B22AF169B002FA018 /* Assets.xcassets in Resources */ = {isa = PBXBuildFile; fileRef = 220C368A22AF169B002FA018 /* Assets.xcassets */; };
		220C368E22AF169B002FA018 /* LaunchScreen.storyboard in Resources */ = {isa = PBXBuildFile; fileRef = 220C368C22AF169B002FA018 /* LaunchScreen.storyboard */; };
		220C369922AF169B002FA018 /* Dice_RollTests.swift in Sources */ = {isa = PBXBuildFile; fileRef = 220C369822AF169B002FA018 /* Dice_RollTests.swift */; };
		220C36A422AF169B002FA018 /* Dice_RollUITests.swift in Sources */ = {isa = PBXBuildFile; fileRef = 220C36A322AF169B002FA018 /* Dice_RollUITests.swift */; };
/* End PBXBuildFile section */

/* Begin PBXContainerItemProxy section */
		220C369522AF169B002FA018 /* PBXContainerItemProxy */ = {
			isa = PBXContainerItemProxy;
			containerPortal = 220C367822AF1699002FA018 /* Project object */;
			proxyType = 1;
			remoteGlobalIDString = 220C367F22AF1699002FA018;
			remoteInfo = "Dice Roll";
		};
		220C36A022AF169B002FA018 /* PBXContainerItemProxy */ = {
			isa = PBXContainerItemProxy;
			containerPortal = 220C367822AF1699002FA018 /* Project object */;
			proxyType = 1;
			remoteGlobalIDString = 220C367F22AF1699002FA018;
			remoteInfo = "Dice Roll";
		};
/* End PBXContainerItemProxy section */

/* Begin PBXFileReference section */
		220C368022AF1699002FA018 /* Dice Roll.app */ = {isa = PBXFileReference; explicitFileType = wrapper.application; includeInIndex = 0; path = "Dice Roll.app"; sourceTree = BUILT_PRODUCTS_DIR; };
		220C368322AF1699002FA018 /* AppDelegate.swift */ = {isa = PBXFileReference; lastKnownFileType = sourcecode.swift; path = AppDelegate.swift; sourceTree = "<group>"; };
		220C368522AF1699002FA018 /* ViewController.swift */ = {isa = PBXFileReference; lastKnownFileType = sourcecode.swift; path = ViewController.swift; sourceTree = "<group>"; };
		220C368822AF1699002FA018 /* Base */ = {isa = PBXFileReference; lastKnownFileType = file.storyboard; name = Base; path = Base.lproj/Main.storyboard; sourceTree = "<group>"; };
		220C368A22AF169B002FA018 /* Assets.xcassets */ = {isa = PBXFileReference; lastKnownFileType = folder.assetcatalog; path = Assets.xcassets; sourceTree = "<group>"; };
		220C368D22AF169B002FA018 /* Base */ = {isa = PBXFileReference; lastKnownFileType = file.storyboard; name = Base; path = Base.lproj/LaunchScreen.storyboard; sourceTree = "<group>"; };
		220C368F22AF169B002FA018 /* Info.plist */ = {isa = PBXFileReference; lastKnownFileType = text.plist.xml; path = Info.plist; sourceTree = "<group>"; };
		220C369422AF169B002FA018 /* Dice RollTests.xctest */ = {isa = PBXFileReference; explicitFileType = wrapper.cfbundle; includeInIndex = 0; path = "Dice RollTests.xctest"; sourceTree = BUILT_PRODUCTS_DIR; };
		220C369822AF169B002FA018 /* Dice_RollTests.swift */ = {isa = PBXFileReference; lastKnownFileType = sourcecode.swift; path = Dice_RollTests.swift; sourceTree = "<group>"; };
		220C369A22AF169B002FA018 /* Info.plist */ = {isa = PBXFileReference; lastKnownFileType = text.plist.xml; path = Info.plist; sourceTree = "<group>"; };
		220C369F22AF169B002FA018 /* Dice RollUITests.xctest */ = {isa = PBXFileReference; explicitFileType = wrapper.cfbundle; includeInIndex = 0; path = "Dice RollUITests.xctest"; sourceTree = BUILT_PRODUCTS_DIR; };
		220C36A322AF169B002FA018 /* Dice_RollUITests.swift */ = {isa = PBXFileReference; lastKnownFileType = sourcecode.swift; path = Dice_RollUITests.swift; sourceTree = "<group>"; };
		220C36A522AF169B002FA018 /* Info.plist */ = {isa = PBXFileReference; lastKnownFileType = text.plist.xml; path = Info.plist; sourceTree = "<group>"; };
/* End PBXFileReference section */

/* Begin PBXFrameworksBuildPhase section */
		220C367D22AF1699002FA018 /* Frameworks */ = {
			isa = PBXFrameworksBuildPhase;
			buildActionMask = 2147483647;
			files = (
			);
			runOnlyForDeploymentPostprocessing = 0;
		};
		220C369122AF169B002FA018 /* Frameworks */ = {
			isa = PBXFrameworksBuildPhase;
			buildActionMask = 2147483647;
			files = (
			);
			runOnlyForDeploymentPostprocessing = 0;
		};
		220C369C22AF169B002FA018 /* Frameworks */ = {
			isa = PBXFrameworksBuildPhase;
			buildActionMask = 2147483647;
			files = (
			);
			runOnlyForDeploymentPostprocessing = 0;
		};
/* End PBXFrameworksBuildPhase section */

/* Begin PBXGroup section */
		220C367722AF1699002FA018 = {
			isa = PBXGroup;
			children = (
				220C368222AF1699002FA018 /* Dice Roll */,
				220C369722AF169B002FA018 /* Dice RollTests */,
				220C36A222AF169B002FA018 /* Dice RollUITests */,
				220C368122AF1699002FA018 /* Products */,
			);
			sourceTree = "<group>";
		};
		220C368122AF1699002FA018 /* Products */ = {
			isa = PBXGroup;
			children = (
				220C368022AF1699002FA018 /* Dice Roll.app */,
				220C369422AF169B002FA018 /* Dice RollTests.xctest */,
				220C369F22AF169B002FA018 /* Dice RollUITests.xctest */,
			);
			name = Products;
			sourceTree = "<group>";
		};
		220C368222AF1699002FA018 /* Dice Roll */ = {
			isa = PBXGroup;
			children = (
				220C368322AF1699002FA018 /* AppDelegate.swift */,
				220C368522AF1699002FA018 /* ViewController.swift */,
				220C368722AF1699002FA018 /* Main.storyboard */,
				220C368A22AF169B002FA018 /* Assets.xcassets */,
				220C368C22AF169B002FA018 /* LaunchScreen.storyboard */,
				220C368F22AF169B002FA018 /* Info.plist */,
			);
			path = "Dice Roll";
			sourceTree = "<group>";
		};
		220C369722AF169B002FA018 /* Dice RollTests */ = {
			isa = PBXGroup;
			children = (
				220C369822AF169B002FA018 /* Dice_RollTests.swift */,
				220C369A22AF169B002FA018 /* Info.plist */,
			);
			path = "Dice RollTests";
			sourceTree = "<group>";
		};
		220C36A222AF169B002FA018 /* Dice RollUITests */ = {
			isa = PBXGroup;
			children = (
				220C36A322AF169B002FA018 /* Dice_RollUITests.swift */,
				220C36A522AF169B002FA018 /* Info.plist */,
			);
			path = "Dice RollUITests";
			sourceTree = "<group>";
		};
/* End PBXGroup section */

/* Begin PBXNativeTarget section */
		220C367F22AF1699002FA018 /* Dice Roll */ = {
			isa = PBXNativeTarget;
			buildConfigurationList = 220C36A822AF169B002FA018 /* Build configuration list for PBXNativeTarget "Dice Roll" */;
			buildPhases = (
				220C367C22AF1699002FA018 /* Sources */,
				220C367D22AF1699002FA018 /* Frameworks */,
				220C367E22AF1699002FA018 /* Resources */,
			);
			buildRules = (
			);
			dependencies = (
			);
			name = "Dice Roll";
			productName = "Dice Roll";
			productReference = 220C368022AF1699002FA018 /* Dice Roll.app */;
			productType = "com.apple.product-type.application";
		};
		220C369322AF169B002FA018 /* Dice RollTests */ = {
			isa = PBXNativeTarget;
			buildConfigurationList = 220C36AB22AF169B002FA018 /* Build configuration list for PBXNativeTarget "Dice RollTests" */;
			buildPhases = (
				220C369022AF169B002FA018 /* Sources */,
				220C369122AF169B002FA018 /* Frameworks */,
				220C369222AF169B002FA018 /* Resources */,
			);
			buildRules = (
			);
			dependencies = (
				220C369622AF169B002FA018 /* PBXTargetDependency */,
			);
			name = "Dice RollTests";
			productName = "Dice RollTests";
			productReference = 220C369422AF169B002FA018 /* Dice RollTests.xctest */;
			productType = "com.apple.product-type.bundle.unit-test";
		};
		220C369E22AF169B002FA018 /* Dice RollUITests */ = {
			isa = PBXNativeTarget;
			buildConfigurationList = 220C36AE22AF169B002FA018 /* Build configuration list for PBXNativeTarget "Dice RollUITests" */;
			buildPhases = (
				220C369B22AF169B002FA018 /* Sources */,
				220C369C22AF169B002FA018 /* Frameworks */,
				220C369D22AF169B002FA018 /* Resources */,
			);
			buildRules = (
			);
			dependencies = (
				220C36A122AF169B002FA018 /* PBXTargetDependency */,
			);
			name = "Dice RollUITests";
			productName = "Dice RollUITests";
			productReference = 220C369F22AF169B002FA018 /* Dice RollUITests.xctest */;
			productType = "com.apple.product-type.bundle.ui-testing";
		};
/* End PBXNativeTarget section */

/* Begin PBXProject section */
		220C367822AF1699002FA018 /* Project object */ = {
			isa = PBXProject;
			attributes = {
				LastSwiftUpdateCheck = 1020;
				LastUpgradeCheck = 1020;
				ORGANIZATIONNAME = Tim;
				TargetAttributes = {
					220C367F22AF1699002FA018 = {
						CreatedOnToolsVersion = 10.2.1;
					};
					220C369322AF169B002FA018 = {
						CreatedOnToolsVersion = 10.2.1;
						TestTargetID = 220C367F22AF1699002FA018;
					};
					220C369E22AF169B002FA018 = {
						CreatedOnToolsVersion = 10.2.1;
						TestTargetID = 220C367F22AF1699002FA018;
					};
				};
			};
			buildConfigurationList = 220C367B22AF1699002FA018 /* Build configuration list for PBXProject "Dice Roll" */;
			compatibilityVersion = "Xcode 9.3";
			developmentRegion = en;
			hasScannedForEncodings = 0;
			knownRegions = (
				en,
				Base,
			);
			mainGroup = 220C367722AF1699002FA018;
			productRefGroup = 220C368122AF1699002FA018 /* Products */;
			projectDirPath = "";
			projectRoot = "";
			targets = (
				220C367F22AF1699002FA018 /* Dice Roll */,
				220C369322AF169B002FA018 /* Dice RollTests */,
				220C369E22AF169B002FA018 /* Dice RollUITests */,
			);
		};
/* End PBXProject section */

/* Begin PBXResourcesBuildPhase section */
		220C367E22AF1699002FA018 /* Resources */ = {
			isa = PBXResourcesBuildPhase;
			buildActionMask = 2147483647;
			files = (
				220C368E22AF169B002FA018 /* LaunchScreen.storyboard in Resources */,
				220C368B22AF169B002FA018 /* Assets.xcassets in Resources */,
				220C368922AF1699002FA018 /* Main.storyboard in Resources */,
			);
			runOnlyForDeploymentPostprocessing = 0;
		};
		220C369222AF169B002FA018 /* Resources */ = {
			isa = PBXResourcesBuildPhase;
			buildActionMask = 2147483647;
			files = (
			);
			runOnlyForDeploymentPostprocessing = 0;
		};
		220C369D22AF169B002FA018 /* Resources */ = {
			isa = PBXResourcesBuildPhase;
			buildActionMask = 2147483647;
			files = (
			);
			runOnlyForDeploymentPostprocessing = 0;
		};
/* End PBXResourcesBuildPhase section */

/* Begin PBXSourcesBuildPhase section */
		220C367C22AF1699002FA018 /* Sources */ = {
			isa = PBXSourcesBuildPhase;
			buildActionMask = 2147483647;
			files = (
				220C368622AF1699002FA018 /* ViewController.swift in Sources */,
				220C368422AF1699002FA018 /* AppDelegate.swift in Sources */,
			);
			runOnlyForDeploymentPostprocessing = 0;
		};
		220C369022AF169B002FA018 /* Sources */ = {
			isa = PBXSourcesBuildPhase;
			buildActionMask = 2147483647;
			files = (
				220C369922AF169B002FA018 /* Dice_RollTests.swift in Sources */,
			);
			runOnlyForDeploymentPostprocessing = 0;
		};
		220C369B22AF169B002FA018 /* Sources */ = {
			isa = PBXSourcesBuildPhase;
			buildActionMask = 2147483647;
			files = (
				220C36A422AF169B002FA018 /* Dice_RollUITests.swift in Sources */,
			);
			runOnlyForDeploymentPostprocessing = 0;
		};
/* End PBXSourcesBuildPhase section */

/* Begin PBXTargetDependency section */
		220C369622AF169B002FA018 /* PBXTargetDependency */ = {
			isa = PBXTargetDependency;
			target = 220C367F22AF1699002FA018 /* Dice Roll */;
			targetProxy = 220C369522AF169B002FA018 /* PBXContainerItemProxy */;
		};
		220C36A122AF169B002FA018 /* PBXTargetDependency */ = {
			isa = PBXTargetDependency;
			target = 220C367F22AF1699002FA018 /* Dice Roll */;
			targetProxy = 220C36A022AF169B002FA018 /* PBXContainerItemProxy */;
		};
/* End PBXTargetDependency section */

/* Begin PBXVariantGroup section */
		220C368722AF1699002FA018 /* Main.storyboard */ = {
			isa = PBXVariantGroup;
			children = (
				220C368822AF1699002FA018 /* Base */,
			);
			name = Main.storyboard;
			sourceTree = "<group>";
		};
		220C368C22AF169B002FA018 /* LaunchScreen.storyboard */ = {
			isa = PBXVariantGroup;
			children = (
				220C368D22AF169B002FA018 /* Base */,
			);
			name = LaunchScreen.storyboard;
			sourceTree = "<group>";
		};
/* End PBXVariantGroup section */

/* Begin XCBuildConfiguration section */
		220C36A622AF169B002FA018 /* Debug */ = {
			isa = XCBuildConfiguration;
			buildSettings = {
				ALWAYS_SEARCH_USER_PATHS = NO;
				CLANG_ANALYZER_NONNULL = YES;
				CLANG_ANALYZER_NUMBER_OBJECT_CONVERSION = YES_AGGRESSIVE;
				CLANG_CXX_LANGUAGE_STANDARD = "gnu++14";
				CLANG_CXX_LIBRARY = "libc++";
				CLANG_ENABLE_MODULES = YES;
				CLANG_ENABLE_OBJC_ARC = YES;
				CLANG_ENABLE_OBJC_WEAK = YES;
				CLANG_WARN_BLOCK_CAPTURE_AUTORELEASING = YES;
				CLANG_WARN_BOOL_CONVERSION = YES;
				CLANG_WARN_COMMA = YES;
				CLANG_WARN_CONSTANT_CONVERSION = YES;
				CLANG_WARN_DEPRECATED_OBJC_IMPLEMENTATIONS = YES;
				CLANG_WARN_DIRECT_OBJC_ISA_USAGE = YES_ERROR;
				CLANG_WARN_DOCUMENTATION_COMMENTS = YES;
				CLANG_WARN_EMPTY_BODY = YES;
				CLANG_WARN_ENUM_CONVERSION = YES;
				CLANG_WARN_INFINITE_RECURSION = YES;
				CLANG_WARN_INT_CONVERSION = YES;
				CLANG_WARN_NON_LITERAL_NULL_CONVERSION = YES;
				CLANG_WARN_OBJC_IMPLICIT_RETAIN_SELF = YES;
				CLANG_WARN_OBJC_LITERAL_CONVERSION = YES;
				CLANG_WARN_OBJC_ROOT_CLASS = YES_ERROR;
				CLANG_WARN_RANGE_LOOP_ANALYSIS = YES;
				CLANG_WARN_STRICT_PROTOTYPES = YES;
				CLANG_WARN_SUSPICIOUS_MOVE = YES;
				CLANG_WARN_UNGUARDED_AVAILABILITY = YES_AGGRESSIVE;
				CLANG_WARN_UNREACHABLE_CODE = YES;
				CLANG_WARN__DUPLICATE_METHOD_MATCH = YES;
				CODE_SIGN_IDENTITY = "iPhone Developer";
				COPY_PHASE_STRIP = NO;
				DEBUG_INFORMATION_FORMAT = dwarf;
				ENABLE_STRICT_OBJC_MSGSEND = YES;
				ENABLE_TESTABILITY = YES;
				GCC_C_LANGUAGE_STANDARD = gnu11;
				GCC_DYNAMIC_NO_PIC = NO;
				GCC_NO_COMMON_BLOCKS = YES;
				GCC_OPTIMIZATION_LEVEL = 0;
				GCC_PREPROCESSOR_DEFINITIONS = (
					"DEBUG=1",
					"$(inherited)",
				);
				GCC_WARN_64_TO_32_BIT_CONVERSION = YES;
				GCC_WARN_ABOUT_RETURN_TYPE = YES_ERROR;
				GCC_WARN_UNDECLARED_SELECTOR = YES;
				GCC_WARN_UNINITIALIZED_AUTOS = YES_AGGRESSIVE;
				GCC_WARN_UNUSED_FUNCTION = YES;
				GCC_WARN_UNUSED_VARIABLE = YES;
				IPHONEOS_DEPLOYMENT_TARGET = 12.2;
				MTL_ENABLE_DEBUG_INFO = INCLUDE_SOURCE;
				MTL_FAST_MATH = YES;
				ONLY_ACTIVE_ARCH = YES;
				SDKROOT = iphoneos;
				SWIFT_ACTIVE_COMPILATION_CONDITIONS = DEBUG;
				SWIFT_OPTIMIZATION_LEVEL = "-Onone";
			};
			name = Debug;
		};
		220C36A722AF169B002FA018 /* Release */ = {
			isa = XCBuildConfiguration;
			buildSettings = {
				ALWAYS_SEARCH_USER_PATHS = NO;
				CLANG_ANALYZER_NONNULL = YES;
				CLANG_ANALYZER_NUMBER_OBJECT_CONVERSION = YES_AGGRESSIVE;
				CLANG_CXX_LANGUAGE_STANDARD = "gnu++14";
				CLANG_CXX_LIBRARY = "libc++";
				CLANG_ENABLE_MODULES = YES;
				CLANG_ENABLE_OBJC_ARC = YES;
				CLANG_ENABLE_OBJC_WEAK = YES;
				CLANG_WARN_BLOCK_CAPTURE_AUTORELEASING = YES;
				CLANG_WARN_BOOL_CONVERSION = YES;
				CLANG_WARN_COMMA = YES;
				CLANG_WARN_CONSTANT_CONVERSION = YES;
				CLANG_WARN_DEPRECATED_OBJC_IMPLEMENTATIONS = YES;
				CLANG_WARN_DIRECT_OBJC_ISA_USAGE = YES_ERROR;
				CLANG_WARN_DOCUMENTATION_COMMENTS = YES;
				CLANG_WARN_EMPTY_BODY = YES;
				CLANG_WARN_ENUM_CONVERSION = YES;
				CLANG_WARN_INFINITE_RECURSION = YES;
				CLANG_WARN_INT_CONVERSION = YES;
				CLANG_WARN_NON_LITERAL_NULL_CONVERSION = YES;
				CLANG_WARN_OBJC_IMPLICIT_RETAIN_SELF = YES;
				CLANG_WARN_OBJC_LITERAL_CONVERSION = YES;
				CLANG_WARN_OBJC_ROOT_CLASS = YES_ERROR;
				CLANG_WARN_RANGE_LOOP_ANALYSIS = YES;
				CLANG_WARN_STRICT_PROTOTYPES = YES;
				CLANG_WARN_SUSPICIOUS_MOVE = YES;
				CLANG_WARN_UNGUARDED_AVAILABILITY = YES_AGGRESSIVE;
				CLANG_WARN_UNREACHABLE_CODE = YES;
				CLANG_WARN__DUPLICATE_METHOD_MATCH = YES;
				CODE_SIGN_IDENTITY = "iPhone Developer";
				COPY_PHASE_STRIP = NO;
				DEBUG_INFORMATION_FORMAT = "dwarf-with-dsym";
				ENABLE_NS_ASSERTIONS = NO;
				ENABLE_STRICT_OBJC_MSGSEND = YES;
				GCC_C_LANGUAGE_STANDARD = gnu11;
				GCC_NO_COMMON_BLOCKS = YES;
				GCC_WARN_64_TO_32_BIT_CONVERSION = YES;
				GCC_WARN_ABOUT_RETURN_TYPE = YES_ERROR;
				GCC_WARN_UNDECLARED_SELECTOR = YES;
				GCC_WARN_UNINITIALIZED_AUTOS = YES_AGGRESSIVE;
				GCC_WARN_UNUSED_FUNCTION = YES;
				GCC_WARN_UNUSED_VARIABLE = YES;
				IPHONEOS_DEPLOYMENT_TARGET = 12.2;
				MTL_ENABLE_DEBUG_INFO = NO;
				MTL_FAST_MATH = YES;
				SDKROOT = iphoneos;
				SWIFT_COMPILATION_MODE = wholemodule;
				SWIFT_OPTIMIZATION_LEVEL = "-O";
				VALIDATE_PRODUCT = YES;
			};
			name = Release;
		};
		220C36A922AF169B002FA018 /* Debug */ = {
			isa = XCBuildConfiguration;
			buildSettings = {
				ASSETCATALOG_COMPILER_APPICON_NAME = AppIcon;
				CODE_SIGN_STYLE = Automatic;
				INFOPLIST_FILE = "Dice Roll/Info.plist";
				LD_RUNPATH_SEARCH_PATHS = (
					"$(inherited)",
					"@executable_path/Frameworks",
				);
				PRODUCT_BUNDLE_IDENTIFIER = "TimHuijser.Dice-Roll";
				PRODUCT_NAME = "$(TARGET_NAME)";
				SWIFT_VERSION = 5.0;
				TARGETED_DEVICE_FAMILY = "1,2";
			};
			name = Debug;
		};
		220C36AA22AF169B002FA018 /* Release */ = {
			isa = XCBuildConfiguration;
			buildSettings = {
				ASSETCATALOG_COMPILER_APPICON_NAME = AppIcon;
				CODE_SIGN_STYLE = Automatic;
				INFOPLIST_FILE = "Dice Roll/Info.plist";
				LD_RUNPATH_SEARCH_PATHS = (
					"$(inherited)",
					"@executable_path/Frameworks",
				);
				PRODUCT_BUNDLE_IDENTIFIER = "TimHuijser.Dice-Roll";
				PRODUCT_NAME = "$(TARGET_NAME)";
				SWIFT_VERSION = 5.0;
				TARGETED_DEVICE_FAMILY = "1,2";
			};
			name = Release;
		};
		220C36AC22AF169B002FA018 /* Debug */ = {
			isa = XCBuildConfiguration;
			buildSettings = {
				ALWAYS_EMBED_SWIFT_STANDARD_LIBRARIES = YES;
				BUNDLE_LOADER = "$(TEST_HOST)";
				CODE_SIGN_STYLE = Automatic;
				INFOPLIST_FILE = "Dice RollTests/Info.plist";
				LD_RUNPATH_SEARCH_PATHS = (
					"$(inherited)",
					"@executable_path/Frameworks",
					"@loader_path/Frameworks",
				);
				PRODUCT_BUNDLE_IDENTIFIER = "TimHuijser.Dice-RollTests";
				PRODUCT_NAME = "$(TARGET_NAME)";
				SWIFT_VERSION = 5.0;
				TARGETED_DEVICE_FAMILY = "1,2";
				TEST_HOST = "$(BUILT_PRODUCTS_DIR)/Dice Roll.app/Dice Roll";
			};
			name = Debug;
		};
		220C36AD22AF169B002FA018 /* Release */ = {
			isa = XCBuildConfiguration;
			buildSettings = {
				ALWAYS_EMBED_SWIFT_STANDARD_LIBRARIES = YES;
				BUNDLE_LOADER = "$(TEST_HOST)";
				CODE_SIGN_STYLE = Automatic;
				INFOPLIST_FILE = "Dice RollTests/Info.plist";
				LD_RUNPATH_SEARCH_PATHS = (
					"$(inherited)",
					"@executable_path/Frameworks",
					"@loader_path/Frameworks",
				);
				PRODUCT_BUNDLE_IDENTIFIER = "TimHuijser.Dice-RollTests";
				PRODUCT_NAME = "$(TARGET_NAME)";
				SWIFT_VERSION = 5.0;
				TARGETED_DEVICE_FAMILY = "1,2";
				TEST_HOST = "$(BUILT_PRODUCTS_DIR)/Dice Roll.app/Dice Roll";
			};
			name = Release;
		};
		220C36AF22AF169B002FA018 /* Debug */ = {
			isa = XCBuildConfiguration;
			buildSettings = {
				ALWAYS_EMBED_SWIFT_STANDARD_LIBRARIES = YES;
				CODE_SIGN_STYLE = Automatic;
				INFOPLIST_FILE = "Dice RollUITests/Info.plist";
				LD_RUNPATH_SEARCH_PATHS = (
					"$(inherited)",
					"@executable_path/Frameworks",
					"@loader_path/Frameworks",
				);
				PRODUCT_BUNDLE_IDENTIFIER = "TimHuijser.Dice-RollUITests";
				PRODUCT_NAME = "$(TARGET_NAME)";
				SWIFT_VERSION = 5.0;
				TARGETED_DEVICE_FAMILY = "1,2";
				TEST_TARGET_NAME = "Dice Roll";
			};
			name = Debug;
		};
		220C36B022AF169B002FA018 /* Release */ = {
			isa = XCBuildConfiguration;
			buildSettings = {
				ALWAYS_EMBED_SWIFT_STANDARD_LIBRARIES = YES;
				CODE_SIGN_STYLE = Automatic;
				INFOPLIST_FILE = "Dice RollUITests/Info.plist";
				LD_RUNPATH_SEARCH_PATHS = (
					"$(inherited)",
					"@executable_path/Frameworks",
					"@loader_path/Frameworks",
				);
				PRODUCT_BUNDLE_IDENTIFIER = "TimHuijser.Dice-RollUITests";
				PRODUCT_NAME = "$(TARGET_NAME)";
				SWIFT_VERSION = 5.0;
				TARGETED_DEVICE_FAMILY = "1,2";
				TEST_TARGET_NAME = "Dice Roll";
			};
			name = Release;
		};
/* End XCBuildConfiguration section */

/* Begin XCConfigurationList section */
		220C367B22AF1699002FA018 /* Build configuration list for PBXProject "Dice Roll" */ = {
			isa = XCConfigurationList;
			buildConfigurations = (
				220C36A622AF169B002FA018 /* Debug */,
				220C36A722AF169B002FA018 /* Release */,
			);
			defaultConfigurationIsVisible = 0;
			defaultConfigurationName = Release;
		};
		220C36A822AF169B002FA018 /* Build configuration list for PBXNativeTarget "Dice Roll" */ = {
			isa = XCConfigurationList;
			buildConfigurations = (
				220C36A922AF169B002FA018 /* Debug */,
				220C36AA22AF169B002FA018 /* Release */,
			);
			defaultConfigurationIsVisible = 0;
			defaultConfigurationName = Release;
		};
		220C36AB22AF169B002FA018 /* Build configuration list for PBXNativeTarget "Dice RollTests" */ = {
			isa = XCConfigurationList;
			buildConfigurations = (
				220C36AC22AF169B002FA018 /* Debug */,
				220C36AD22AF169B002FA018 /* Release */,
			);
			defaultConfigurationIsVisible = 0;
			defaultConfigurationName = Release;
		};
		220C36AE22AF169B002FA018 /* Build configuration list for PBXNativeTarget "Dice RollUITests" */ = {
			isa = XCConfigurationList;
			buildConfigurations = (
				220C36AF22AF169B002FA018 /* Debug */,
				220C36B022AF169B002FA018 /* Release */,
			);
			defaultConfigurationIsVisible = 0;
			defaultConfigurationName = Release;
		};
/* End XCConfigurationList section */
	};
	rootObject = 220C367822AF1699002FA018 /* Project object */;
}
